
Microsoft Visual Studio Solution File, Format Version 12.00
# Visual Studio Version 16
VisualStudioVersion = 25.0.1704.2
MinimumVisualStudioVersion = 10.0.40219.1
Project("{FAE04EC0-301F-11D3-BF4B-00C04F79EFBC}") = "Entities", "Entities\Entities.csproj", "{A6A0F01A-62D2-4ADC-AE3A-594A1EE75CA3}"
EndProject
Project("{FAE04EC0-301F-11D3-BF4B-00C04F79EFBC}") = "DAL", "DAL\DAL.csproj", "{577C4BFA-DA86-45C1-97E4-A056AB6D609C}"
EndProject
Project("{FAE04EC0-301F-11D3-BF4B-00C04F79EFBC}") = "BackEnd", "BackEnd\BackEnd.csproj", "{46698B8B-53EA-45F8-9909-5EB479505806}"
EndProject
Global
	GlobalSection(SolutionConfigurationPlatforms) = preSolution
		Debug|Any CPU = Debug|Any CPU
		Release|Any CPU = Release|Any CPU
	EndGlobalSection
	GlobalSection(ProjectConfigurationPlatforms) = postSolution
		{A6A0F01A-62D2-4ADC-AE3A-594A1EE75CA3}.Debug|Any CPU.ActiveCfg = Debug|Any CPU
		{A6A0F01A-62D2-4ADC-AE3A-594A1EE75CA3}.Debug|Any CPU.Build.0 = Debug|Any CPU
		{A6A0F01A-62D2-4ADC-AE3A-594A1EE75CA3}.Release|Any CPU.ActiveCfg = Release|Any CPU
		{A6A0F01A-62D2-4ADC-AE3A-594A1EE75CA3}.Release|Any CPU.Build.0 = Release|Any CPU
		{577C4BFA-DA86-45C1-97E4-A056AB6D609C}.Debug|Any CPU.ActiveCfg = Debug|Any CPU
		{577C4BFA-DA86-45C1-97E4-A056AB6D609C}.Debug|Any CPU.Build.0 = Debug|Any CPU
		{577C4BFA-DA86-45C1-97E4-A056AB6D609C}.Release|Any CPU.ActiveCfg = Release|Any CPU
		{577C4BFA-DA86-45C1-97E4-A056AB6D609C}.Release|Any CPU.Build.0 = Release|Any CPU
		{46698B8B-53EA-45F8-9909-5EB479505806}.Debug|Any CPU.ActiveCfg = Debug|Any CPU
		{46698B8B-53EA-45F8-9909-5EB479505806}.Debug|Any CPU.Build.0 = Debug|Any CPU
		{46698B8B-53EA-45F8-9909-5EB479505806}.Release|Any CPU.ActiveCfg = Release|Any CPU
		{46698B8B-53EA-45F8-9909-5EB479505806}.Release|Any CPU.Build.0 = Release|Any CPU
	EndGlobalSection
	GlobalSection(SolutionProperties) = preSolution
		HideSolutionNode = FALSE
	EndGlobalSection
	GlobalSection(ExtensibilityGlobals) = postSolution
		SolutionGuid = {F18367B5-8D44-4C08-9AE3-E5A185A5408B}
	EndGlobalSection
EndGlobal
